// !$*UTF8*$!
{
	archiveVersion = 1;
	classes = {
	};
	objectVersion = 77;
	objects = {

/* Begin PBXBuildFile section */
		A315ECF2300138B80043C20C /* UIFramework in Frameworks */ = {isa = PBXBuildFile; productRef = A315ECF1300138B80043C20C /* UIFramework */; };
/* End PBXBuildFile section */

/* Begin PBXContainerItemProxy section */
		A315ECD13000CCF20043C20C /* PBXContainerItemProxy */ = {
			isa = PBXContainerItemProxy;
			containerPortal = A315ECB23000CCEC0043C20C /* Project object */;
			proxyType = 1;
			remoteGlobalIDString = A315ECB93000CCEC0043C20C;
			remoteInfo = "ui-framework-sample";
		};
		A315ECDB3000CCF20043C20C /* PBXContainerItemProxy */ = {
			isa = PBXContainerItemProxy;
			containerPortal = A315ECB23000CCEC0043C20C /* Project object */;
			proxyType = 1;
			remoteGlobalIDString = A315ECB93000CCEC0043C20C;
			remoteInfo = "ui-framework-sample";
		};
/* End PBXContainerItemProxy section */

/* Begin PBXFileReference section */
		A315ECBA3000CCEC0043C20C /* ui-framework-sample.app */ = {isa = PBXFileReference; explicitFileType = wrapper.application; includeInIndex = 0; path = "ui-framework-sample.app"; sourceTree = BUILT_PRODUCTS_DIR; };
		A315ECD03000CCF10043C20C /* ui-framework-sampleTests.xctest */ = {isa = PBXFileReference; explicitFileType = wrapper.cfbundle; includeInIndex = 0; path = "ui-framework-sampleTests.xctest"; sourceTree = BUILT_PRODUCTS_DIR; };
		A315ECDA3000CCF20043C20C /* ui-framework-sampleUITests.xctest */ = {isa = PBXFileReference; explicitFileType = wrapper.cfbundle; includeInIndex = 0; path = "ui-framework-sampleUITests.xctest"; sourceTree = BUILT_PRODUCTS_DIR; };
		A315ECEF3001388F0043C20C /* UIFramework */ = {isa = PBXFileReference; lastKnownFileType = wrapper; path = UIFramework; sourceTree = "<group>"; };
/* End PBXFileReference section */

/* Begin PBXFileSystemSynchronizedBuildFileExceptionSet section */
		A315ECE23000CCF20043C20C /* Exceptions for "ui-framework-sample" folder in "ui-framework-sample" target */ = {
			isa = PBXFileSystemSynchronizedBuildFileExceptionSet;
			membershipExceptions = (
				Info.plist,
			);
			target = A315ECB93000CCEC0043C20C /* ui-framework-sample */;
		};
/* End PBXFileSystemSynchronizedBuildFileExceptionSet section */

/* Begin PBXFileSystemSynchronizedRootGroup section */
		A315ECBC3000CCEC0043C20C /* ui-framework-sample */ = {
			isa = PBXFileSystemSynchronizedRootGroup;
			exceptions = (
				A315ECE23000CCF20043C20C /* Exceptions for "ui-framework-sample" folder in "ui-framework-sample" target */,
			);
			path = "ui-framework-sample";
			sourceTree = "<group>";
		};
		A315ECD33000CCF20043C20C /* ui-framework-sampleTests */ = {
			isa = PBXFileSystemSynchronizedRootGroup;
			path = "ui-framework-sampleTests";
			sourceTree = "<group>";
		};
		A315ECDD3000CCF20043C20C /* ui-framework-sampleUITests */ = {
			isa = PBXFileSystemSynchronizedRootGroup;
			path = "ui-framework-sampleUITests";
			sourceTree = "<group>";
		};
/* End PBXFileSystemSynchronizedRootGroup section */

/* Begin PBXFrameworksBuildPhase section */
		A315ECB73000CCEC0043C20C /* Frameworks */ = {
			isa = PBXFrameworksBuildPhase;
			buildActionMask = 2147483647;
			files = (
				A315ECF2300138B80043C20C /* UIFramework in Frameworks */,
			);
			runOnlyForDeploymentPostprocessing = 0;
		};
		A315ECCD3000CCF10043C20C /* Frameworks */ = {
			isa = PBXFrameworksBuildPhase;
			buildActionMask = 2147483647;
			files = (
			);
			runOnlyForDeploymentPostprocessing = 0;
		};
		A315ECD73000CCF20043C20C /* Frameworks */ = {
			isa = PBXFrameworksBuildPhase;
			buildActionMask = 2147483647;
			files = (
			);
			runOnlyForDeploymentPostprocessing = 0;
		};
/* End PBXFrameworksBuildPhase section */

/* Begin PBXGroup section */
		A315ECB13000CCEC0043C20C = {
			isa = PBXGroup;
			children = (
				A315ECEF3001388F0043C20C /* UIFramework */,
				A315ECBC3000CCEC0043C20C /* ui-framework-sample */,
				A315ECD33000CCF20043C20C /* ui-framework-sampleTests */,
				A315ECDD3000CCF20043C20C /* ui-framework-sampleUITests */,
				A315ECF0300138AF0043C20C /* Frameworks */,
				A315ECBB3000CCEC0043C20C /* Products */,
			);
			sourceTree = "<group>";
		};
		A315ECBB3000CCEC0043C20C /* Products */ = {
			isa = PBXGroup;
			children = (
				A315ECBA3000CCEC0043C20C /* ui-framework-sample.app */,
				A315ECD03000CCF10043C20C /* ui-framework-sampleTests.xctest */,
				A315ECDA3000CCF20043C20C /* ui-framework-sampleUITests.xctest */,
			);
			name = Products;
			sourceTree = "<group>";
		};
		A315ECF0300138AF0043C20C /* Frameworks */ = {
			isa = PBXGroup;
			children = (
			);
			name = Frameworks;
			sourceTree = "<group>";
		};
/* End PBXGroup section */

/* Begin PBXNativeTarget section */
		A315ECB93000CCEC0043C20C /* ui-framework-sample */ = {
			isa = PBXNativeTarget;
			buildConfigurationList = A315ECE33000CCF20043C20C /* Build configuration list for PBXNativeTarget "ui-framework-sample" */;
			buildPhases = (
				A315ECB63000CCEC0043C20C /* Sources */,
				A315ECB73000CCEC0043C20C /* Frameworks */,
				A315ECB83000CCEC0043C20C /* Resources */,
			);
			buildRules = (
			);
			dependencies = (
			);
			fileSystemSynchronizedGroups = (
				A315ECBC3000CCEC0043C20C /* ui-framework-sample */,
			);
			name = "ui-framework-sample";
			packageProductDependencies = (
				A315ECF1300138B80043C20C /* UIFramework */,
			);
			productName = "ui-framework-sample";
			productReference = A315ECBA3000CCEC0043C20C /* ui-framework-sample.app */;
			productType = "com.apple.product-type.application";
		};
		A315ECCF3000CCF10043C20C /* ui-framework-sampleTests */ = {
			isa = PBXNativeTarget;
			buildConfigurationList = A315ECE83000CCF20043C20C /* Build configuration list for PBXNativeTarget "ui-framework-sampleTests" */;
			buildPhases = (
				A315ECCC3000CCF10043C20C /* Sources */,
				A315ECCD3000CCF10043C20C /* Frameworks */,
				A315ECCE3000CCF10043C20C /* Resources */,
			);
			buildRules = (
			);
			dependencies = (
				A315ECD23000CCF20043C20C /* PBXTargetDependency */,
			);
			fileSystemSynchronizedGroups = (
				A315ECD33000CCF20043C20C /* ui-framework-sampleTests */,
			);
			name = "ui-framework-sampleTests";
			packageProductDependencies = (
			);
			productName = "ui-framework-sampleTests";
			productReference = A315ECD03000CCF10043C20C /* ui-framework-sampleTests.xctest */;
			productType = "com.apple.product-type.bundle.unit-test";
		};
		A315ECD93000CCF20043C20C /* ui-framework-sampleUITests */ = {
			isa = PBXNativeTarget;
			buildConfigurationList = A315ECEB3000CCF20043C20C /* Build configuration list for PBXNativeTarget "ui-framework-sampleUITests" */;
			buildPhases = (
				A315ECD63000CCF20043C20C /* Sources */,
				A315ECD73000CCF20043C20C /* Frameworks */,
				A315ECD83000CCF20043C20C /* Resources */,
			);
			buildRules = (
			);
			dependencies = (
				A315ECDC3000CCF20043C20C /* PBXTargetDependency */,
			);
			fileSystemSynchronizedGroups = (
				A315ECDD3000CCF20043C20C /* ui-framework-sampleUITests */,
			);
			name = "ui-framework-sampleUITests";
			packageProductDependencies = (
			);
			productName = "ui-framework-sampleUITests";
			productReference = A315ECDA3000CCF20043C20C /* ui-framework-sampleUITests.xctest */;
			productType = "com.apple.product-type.bundle.ui-testing";
		};
/* End PBXNativeTarget section */

/* Begin PBXProject section */
		A315ECB23000CCEC0043C20C /* Project object */ = {
			isa = PBXProject;
			attributes = {
				BuildIndependentTargetsInParallel = 1;
				LastSwiftUpdateCheck = 2630;
				LastUpgradeCheck = 2630;
				TargetAttributes = {
					A315ECB93000CCEC0043C20C = {
						CreatedOnToolsVersion = 26.3;
					};
					A315ECCF3000CCF10043C20C = {
						CreatedOnToolsVersion = 26.3;
						TestTargetID = A315ECB93000CCEC0043C20C;
					};
					A315ECD93000CCF20043C20C = {
						CreatedOnToolsVersion = 26.3;
						TestTargetID = A315ECB93000CCEC0043C20C;
					};
				};
			};
			buildConfigurationList = A315ECB53000CCEC0043C20C /* Build configuration list for PBXProject "ui-framework-sample" */;
			developmentRegion = en;
			hasScannedForEncodings = 0;
			knownRegions = (
				en,
				Base,
			);
			mainGroup = A315ECB13000CCEC0043C20C;
			minimizedProjectReferenceProxies = 1;
			preferredProjectObjectVersion = 77;
			productRefGroup = A315ECBB3000CCEC0043C20C /* Products */;
			projectDirPath = "";
			projectRoot = "";
			targets = (
				A315ECB93000CCEC0043C20C /* ui-framework-sample */,
				A315ECCF3000CCF10043C20C /* ui-framework-sampleTests */,
				A315ECD93000CCF20043C20C /* ui-framework-sampleUITests */,
			);
		};
/* End PBXProject section */

/* Begin PBXResourcesBuildPhase section */
		A315ECB83000CCEC0043C20C /* Resources */ = {
			isa = PBXResourcesBuildPhase;
			buildActionMask = 2147483647;
			files = (
			);
			runOnlyForDeploymentPostprocessing = 0;
		};
		A315ECCE3000CCF10043C20C /* Resources */ = {
			isa = PBXResourcesBuildPhase;
			buildActionMask = 2147483647;
			files = (
			);
			runOnlyForDeploymentPostprocessing = 0;
		};
		A315ECD83000CCF20043C20C /* Resources */ = {
			isa = PBXResourcesBuildPhase;
			buildActionMask = 2147483647;
			files = (
			);
			runOnlyForDeploymentPostprocessing = 0;
		};
/* End PBXResourcesBuildPhase section */

/* Begin PBXSourcesBuildPhase section */
		A315ECB63000CCEC0043C20C /* Sources */ = {
			isa = PBXSourcesBuildPhase;
			buildActionMask = 2147483647;
			files = (
			);
			runOnlyForDeploymentPostprocessing = 0;
		};
		A315ECCC3000CCF10043C20C /* Sources */ = {
			isa = PBXSourcesBuildPhase;
			buildActionMask = 2147483647;
			files = (
			);
			runOnlyForDeploymentPostprocessing = 0;
		};
		A315ECD63000CCF20043C20C /* Sources */ = {
			isa = PBXSourcesBuildPhase;
			buildActionMask = 2147483647;
			files = (
			);
			runOnlyForDeploymentPostprocessing = 0;
		};
/* End PBXSourcesBuildPhase section */

/* Begin PBXTargetDependency section */
		A315ECD23000CCF20043C20C /* PBXTargetDependency */ = {
			isa = PBXTargetDependency;
			target = A315ECB93000CCEC0043C20C /* ui-framework-sample */;
			targetProxy = A315ECD13000CCF20043C20C /* PBXContainerItemProxy */;
		};
		A315ECDC3000CCF20043C20C /* PBXTargetDependency */ = {
			isa = PBXTargetDependency;
			target = A315ECB93000CCEC0043C20C /* ui-framework-sample */;
			targetProxy = A315ECDB3000CCF20043C20C /* PBXContainerItemProxy */;
		};
/* End PBXTargetDependency section */

/* Begin XCBuildConfiguration section */
		A315ECE43000CCF20043C20C /* Debug */ = {
			isa = XCBuildConfiguration;
			buildSettings = {
				ASSETCATALOG_COMPILER_APPICON_NAME = AppIcon;
				ASSETCATALOG_COMPILER_GLOBAL_ACCENT_COLOR_NAME = AccentColor;
				CODE_SIGN_STYLE = Automatic;
				CURRENT_PROJECT_VERSION = 1;
				DEVELOPMENT_TEAM = 4K446R55W6;
				GENERATE_INFOPLIST_FILE = YES;
				INFOPLIST_FILE = "ui-framework-sample/Info.plist";
				INFOPLIST_KEY_UIApplicationSupportsIndirectInputEvents = YES;
				INFOPLIST_KEY_UILaunchStoryboardName = LaunchScreen;
				INFOPLIST_KEY_UIMainStoryboardFile = Main;
				INFOPLIST_KEY_UISupportedInterfaceOrientations_iPad = "UIInterfaceOrientationPortrait UIInterfaceOrientationPortraitUpsideDown UIInterfaceOrientationLandscapeLeft UIInterfaceOrientationLandscapeRight";
				INFOPLIST_KEY_UISupportedInterfaceOrientations_iPhone = "UIInterfaceOrientationPortrait UIInterfaceOrientationLandscapeLeft UIInterfaceOrientationLandscapeRight";
				LD_RUNPATH_SEARCH_PATHS = (
					"$(inherited)",
					"@executable_path/Frameworks",
				);
				MARKETING_VERSION = 1.0;
				PRODUCT_BUNDLE_IDENTIFIER = "phanna.app.ui-framework-sample";
				PRODUCT_NAME = "$(TARGET_NAME)";
				STRING_CATALOG_GENERATE_SYMBOLS = YES;
				SWIFT_APPROACHABLE_CONCURRENCY = YES;
				SWIFT_DEFAULT_ACTOR_ISOLATION = MainActor;
				SWIFT_EMIT_LOC_STRINGS = YES;
				SWIFT_UPCOMING_FEATURE_MEMBER_IMPORT_VISIBILITY = YES;
				SWIFT_VERSION = 5.0;
				TARGETED_DEVICE_FAMILY = "1,2";
			};
			name = Debug;
		};
		A315ECE53000CCF20043C20C /* Release */ = {
			isa = XCBuildConfiguration;
			buildSettings = {
				ASSETCATALOG_COMPILER_APPICON_NAME = AppIcon;
				ASSETCATALOG_COMPILER_GLOBAL_ACCENT_COLOR_NAME = AccentColor;
				CODE_SIGN_STYLE = Automatic;
				CURRENT_PROJECT_VERSION = 1;
				DEVELOPMENT_TEAM = 4K446R55W6;
				GENERATE_INFOPLIST_FILE = YES;
				INFOPLIST_FILE = "ui-framework-sample/Info.plist";
				INFOPLIST_KEY_UIApplicationSupportsIndirectInputEvents = YES;
				INFOPLIST_KEY_UILaunchStoryboardName = LaunchScreen;
				INFOPLIST_KEY_UIMainStoryboardFile = Main;
				INFOPLIST_KEY_UISupportedInterfaceOrientations_iPad = "UIInterfaceOrientationPortrait UIInterfaceOrientationPortraitUpsideDown UIInterfaceOrientationLandscapeLeft UIInterfaceOrientationLandscapeRight";
				INFOPLIST_KEY_UISupportedInterfaceOrientations_iPhone = "UIInterfaceOrientationPortrait UIInterfaceOrientationLandscapeLeft UIInterfaceOrientationLandscapeRight";
				LD_RUNPATH_SEARCH_PATHS = (
					"$(inherited)",
					"@executable_path/Frameworks",
				);
				MARKETING_VERSION = 1.0;
				PRODUCT_BUNDLE_IDENTIFIER = "phanna.app.ui-framework-sample";
				PRODUCT_NAME = "$(TARGET_NAME)";
				STRING_CATALOG_GENERATE_SYMBOLS = YES;
				SWIFT_APPROACHABLE_CONCURRENCY = YES;
				SWIFT_DEFAULT_ACTOR_ISOLATION = MainActor;
				SWIFT_EMIT_LOC_STRINGS = YES;
				SWIFT_UPCOMING_FEATURE_MEMBER_IMPORT_VISIBILITY = YES;
				SWIFT_VERSION = 5.0;
				TARGETED_DEVICE_FAMILY = "1,2";
			};
			name = Release;
		};
		A315ECE63000CCF20043C20C /* Debug */ = {
			isa = XCBuildConfiguration;
			buildSettings = {
				ALWAYS_SEARCH_USER_PATHS = NO;
				ASSETCATALOG_COMPILER_GENERATE_SWIFT_ASSET_SYMBOL_EXTENSIONS = YES;
				CLANG_ANALYZER_NONNULL = YES;
				CLANG_ANALYZER_NUMBER_OBJECT_CONVERSION = YES_AGGRESSIVE;
				CLANG_CXX_LANGUAGE_STANDARD = "gnu++20";
				CLANG_ENABLE_MODULES = YES;
				CLANG_ENABLE_OBJC_ARC = YES;
				CLANG_ENABLE_OBJC_WEAK = YES;
				CLANG_WARN_BLOCK_CAPTURE_AUTORELEASING = YES;
				CLANG_WARN_BOOL_CONVERSION = YES;
				CLANG_WARN_COMMA = YES;
				CLANG_WARN_CONSTANT_CONVERSION = YES;
				CLANG_WARN_DEPRECATED_OBJC_IMPLEMENTATIONS = YES;
				CLANG_WARN_DIRECT_OBJC_ISA_USAGE = YES_ERROR;
				CLANG_WARN_DOCUMENTATION_COMMENTS = YES;
				CLANG_WARN_EMPTY_BODY = YES;
				CLANG_WARN_ENUM_CONVERSION = YES;
				CLANG_WARN_INFINITE_RECURSION = YES;
				CLANG_WARN_INT_CONVERSION = YES;
				CLANG_WARN_NON_LITERAL_NULL_CONVERSION = YES;
				CLANG_WARN_OBJC_IMPLICIT_RETAIN_SELF = YES;
				CLANG_WARN_OBJC_LITERAL_CONVERSION = YES;
				CLANG_WARN_OBJC_ROOT_CLASS = YES_ERROR;
				CLANG_WARN_QUOTED_INCLUDE_IN_FRAMEWORK_HEADER = YES;
				CLANG_WARN_RANGE_LOOP_ANALYSIS = YES;
				CLANG_WARN_STRICT_PROTOTYPES = YES;
				CLANG_WARN_SUSPICIOUS_MOVE = YES;
				CLANG_WARN_UNGUARDED_AVAILABILITY = YES_AGGRESSIVE;
				CLANG_WARN_UNREACHABLE_CODE = YES;
				CLANG_WARN__DUPLICATE_METHOD_MATCH = YES;
				COPY_PHASE_STRIP = NO;
				DEBUG_INFORMATION_FORMAT = dwarf;
				DEVELOPMENT_TEAM = 4K446R55W6;
				ENABLE_STRICT_OBJC_MSGSEND = YES;
				ENABLE_TESTABILITY = YES;
				ENABLE_USER_SCRIPT_SANDBOXING = YES;
				GCC_C_LANGUAGE_STANDARD = gnu17;
				GCC_DYNAMIC_NO_PIC = NO;
				GCC_NO_COMMON_BLOCKS = YES;
				GCC_OPTIMIZATION_LEVEL = 0;
				GCC_PREPROCESSOR_DEFINITIONS = (
					"DEBUG=1",
					"$(inherited)",
				);
				GCC_WARN_64_TO_32_BIT_CONVERSION = YES;
				GCC_WARN_ABOUT_RETURN_TYPE = YES_ERROR;
				GCC_WARN_UNDECLARED_SELECTOR = YES;
				GCC_WARN_UNINITIALIZED_AUTOS = YES_AGGRESSIVE;
				GCC_WARN_UNUSED_FUNCTION = YES;
				GCC_WARN_UNUSED_VARIABLE = YES;
				IPHONEOS_DEPLOYMENT_TARGET = 14.0;
				LOCALIZATION_PREFERS_STRING_CATALOGS = YES;
				MTL_ENABLE_DEBUG_INFO = INCLUDE_SOURCE;
				MTL_FAST_MATH = YES;
				ONLY_ACTIVE_ARCH = YES;
				SDKROOT = iphoneos;
				SWIFT_ACTIVE_COMPILATION_CONDITIONS = "DEBUG $(inherited)";
				SWIFT_OPTIMIZATION_LEVEL = "-Onone";
			};
			name = Debug;
		};
		A315ECE73000CCF20043C20C /* Release */ = {
			isa = XCBuildConfiguration;
			buildSettings = {
				ALWAYS_SEARCH_USER_PATHS = NO;
				ASSETCATALOG_COMPILER_GENERATE_SWIFT_ASSET_SYMBOL_EXTENSIONS = YES;
				CLANG_ANALYZER_NONNULL = YES;
				CLANG_ANALYZER_NUMBER_OBJECT_CONVERSION = YES_AGGRESSIVE;
				CLANG_CXX_LANGUAGE_STANDARD = "gnu++20";
				CLANG_ENABLE_MODULES = YES;
				CLANG_ENABLE_OBJC_ARC = YES;
				CLANG_ENABLE_OBJC_WEAK = YES;
				CLANG_WARN_BLOCK_CAPTURE_AUTORELEASING = YES;
				CLANG_WARN_BOOL_CONVERSION = YES;
				CLANG_WARN_COMMA = YES;
				CLANG_WARN_CONSTANT_CONVERSION = YES;
				CLANG_WARN_DEPRECATED_OBJC_IMPLEMENTATIONS = YES;
				CLANG_WARN_DIRECT_OBJC_ISA_USAGE = YES_ERROR;
				CLANG_WARN_DOCUMENTATION_COMMENTS = YES;
				CLANG_WARN_EMPTY_BODY = YES;
				CLANG_WARN_ENUM_CONVERSION = YES;
				CLANG_WARN_INFINITE_RECURSION = YES;
				CLANG_WARN_INT_CONVERSION = YES;
				CLANG_WARN_NON_LITERAL_NULL_CONVERSION = YES;
				CLANG_WARN_OBJC_IMPLICIT_RETAIN_SELF = YES;
				CLANG_WARN_OBJC_LITERAL_CONVERSION = YES;
				CLANG_WARN_OBJC_ROOT_CLASS = YES_ERROR;
				CLANG_WARN_QUOTED_INCLUDE_IN_FRAMEWORK_HEADER = YES;
				CLANG_WARN_RANGE_LOOP_ANALYSIS = YES;
				CLANG_WARN_STRICT_PROTOTYPES = YES;
				CLANG_WARN_SUSPICIOUS_MOVE = YES;
				CLANG_WARN_UNGUARDED_AVAILABILITY = YES_AGGRESSIVE;
				CLANG_WARN_UNREACHABLE_CODE = YES;
				CLANG_WARN__DUPLICATE_METHOD_MATCH = YES;
				COPY_PHASE_STRIP = NO;
				DEBUG_INFORMATION_FORMAT = "dwarf-with-dsym";
				DEVELOPMENT_TEAM = 4K446R55W6;
				ENABLE_NS_ASSERTIONS = NO;
				ENABLE_STRICT_OBJC_MSGSEND = YES;
				ENABLE_USER_SCRIPT_SANDBOXING = YES;
				GCC_C_LANGUAGE_STANDARD = gnu17;
				GCC_NO_COMMON_BLOCKS = YES;
				GCC_WARN_64_TO_32_BIT_CONVERSION = YES;
				GCC_WARN_ABOUT_RETURN_TYPE = YES_ERROR;
				GCC_WARN_UNDECLARED_SELECTOR = YES;
				GCC_WARN_UNINITIALIZED_AUTOS = YES_AGGRESSIVE;
				GCC_WARN_UNUSED_FUNCTION = YES;
				GCC_WARN_UNUSED_VARIABLE = YES;
				IPHONEOS_DEPLOYMENT_TARGET = 14.0;
				LOCALIZATION_PREFERS_STRING_CATALOGS = YES;
				MTL_ENABLE_DEBUG_INFO = NO;
				MTL_FAST_MATH = YES;
				SDKROOT = iphoneos;
				SWIFT_COMPILATION_MODE = wholemodule;
				VALIDATE_PRODUCT = YES;
			};
			name = Release;
		};
		A315ECE93000CCF20043C20C /* Debug */ = {
			isa = XCBuildConfiguration;
			buildSettings = {
				BUNDLE_LOADER = "$(TEST_HOST)";
				CODE_SIGN_STYLE = Automatic;
				CURRENT_PROJECT_VERSION = 1;
				DEVELOPMENT_TEAM = 4K446R55W6;
				GENERATE_INFOPLIST_FILE = YES;
				IPHONEOS_DEPLOYMENT_TARGET = 14.0;
				MARKETING_VERSION = 1.0;
				PRODUCT_BUNDLE_IDENTIFIER = "phanna.app.ui-framework-sampleTests";
				PRODUCT_NAME = "$(TARGET_NAME)";
				STRING_CATALOG_GENERATE_SYMBOLS = NO;
				SWIFT_APPROACHABLE_CONCURRENCY = YES;
				SWIFT_EMIT_LOC_STRINGS = NO;
				SWIFT_UPCOMING_FEATURE_MEMBER_IMPORT_VISIBILITY = YES;
				SWIFT_VERSION = 5.0;
				TARGETED_DEVICE_FAMILY = "1,2";
				TEST_HOST = "$(BUILT_PRODUCTS_DIR)/ui-framework-sample.app/$(BUNDLE_EXECUTABLE_FOLDER_PATH)/ui-framework-sample";
			};
			name = Debug;
		};
		A315ECEA3000CCF20043C20C /* Release */ = {
			isa = XCBuildConfiguration;
			buildSettings = {
				BUNDLE_LOADER = "$(TEST_HOST)";
				CODE_SIGN_STYLE = Automatic;
				CURRENT_PROJECT_VERSION = 1;
				DEVELOPMENT_TEAM = 4K446R55W6;
				GENERATE_INFOPLIST_FILE = YES;
				IPHONEOS_DEPLOYMENT_TARGET = 14.0;
				MARKETING_VERSION = 1.0;
				PRODUCT_BUNDLE_IDENTIFIER = "phanna.app.ui-framework-sampleTests";
				PRODUCT_NAME = "$(TARGET_NAME)";
				STRING_CATALOG_GENERATE_SYMBOLS = NO;
				SWIFT_APPROACHABLE_CONCURRENCY = YES;
				SWIFT_EMIT_LOC_STRINGS = NO;
				SWIFT_UPCOMING_FEATURE_MEMBER_IMPORT_VISIBILITY = YES;
				SWIFT_VERSION = 5.0;
				TARGETED_DEVICE_FAMILY = "1,2";
				TEST_HOST = "$(BUILT_PRODUCTS_DIR)/ui-framework-sample.app/$(BUNDLE_EXECUTABLE_FOLDER_PATH)/ui-framework-sample";
			};
			name = Release;
		};
		A315ECEC3000CCF20043C20C /* Debug */ = {
			isa = XCBuildConfiguration;
			buildSettings = {
				CODE_SIGN_STYLE = Automatic;
				CURRENT_PROJECT_VERSION = 1;
				DEVELOPMENT_TEAM = 4K446R55W6;
				GENERATE_INFOPLIST_FILE = YES;
				MARKETING_VERSION = 1.0;
				PRODUCT_BUNDLE_IDENTIFIER = "phanna.app.ui-framework-sampleUITests";
				PRODUCT_NAME = "$(TARGET_NAME)";
				STRING_CATALOG_GENERATE_SYMBOLS = NO;
				SWIFT_APPROACHABLE_CONCURRENCY = YES;
				SWIFT_EMIT_LOC_STRINGS = NO;
				SWIFT_UPCOMING_FEATURE_MEMBER_IMPORT_VISIBILITY = YES;
				SWIFT_VERSION = 5.0;
				TARGETED_DEVICE_FAMILY = "1,2";
				TEST_TARGET_NAME = "ui-framework-sample";
			};
			name = Debug;
		};
		A315ECED3000CCF20043C20C /* Release */ = {
			isa = XCBuildConfiguration;
			buildSettings = {
				CODE_SIGN_STYLE = Automatic;
				CURRENT_PROJECT_VERSION = 1;
				DEVELOPMENT_TEAM = 4K446R55W6;
				GENERATE_INFOPLIST_FILE = YES;
				MARKETING_VERSION = 1.0;
				PRODUCT_BUNDLE_IDENTIFIER = "phanna.app.ui-framework-sampleUITests";
				PRODUCT_NAME = "$(TARGET_NAME)";
				STRING_CATALOG_GENERATE_SYMBOLS = NO;
				SWIFT_APPROACHABLE_CONCURRENCY = YES;
				SWIFT_EMIT_LOC_STRINGS = NO;
				SWIFT_UPCOMING_FEATURE_MEMBER_IMPORT_VISIBILITY = YES;
				SWIFT_VERSION = 5.0;
				TARGETED_DEVICE_FAMILY = "1,2";
				TEST_TARGET_NAME = "ui-framework-sample";
			};
			name = Release;
		};
/* End XCBuildConfiguration section */

/* Begin XCConfigurationList section */
		A315ECB53000CCEC0043C20C /* Build configuration list for PBXProject "ui-framework-sample" */ = {
			isa = XCConfigurationList;
			buildConfigurations = (
				A315ECE63000CCF20043C20C /* Debug */,
				A315ECE73000CCF20043C20C /* Release */,
			);
			defaultConfigurationIsVisible = 0;
			defaultConfigurationName = Release;
		};
		A315ECE33000CCF20043C20C /* Build configuration list for PBXNativeTarget "ui-framework-sample" */ = {
			isa = XCConfigurationList;
			buildConfigurations = (
				A315ECE43000CCF20043C20C /* Debug */,
				A315ECE53000CCF20043C20C /* Release */,
			);
			defaultConfigurationIsVisible = 0;
			defaultConfigurationName = Release;
		};
		A315ECE83000CCF20043C20C /* Build configuration list for PBXNativeTarget "ui-framework-sampleTests" */ = {
			isa = XCConfigurationList;
			buildConfigurations = (
				A315ECE93000CCF20043C20C /* Debug */,
				A315ECEA3000CCF20043C20C /* Release */,
			);
			defaultConfigurationIsVisible = 0;
			defaultConfigurationName = Release;
		};
		A315ECEB3000CCF20043C20C /* Build configuration list for PBXNativeTarget "ui-framework-sampleUITests" */ = {
			isa = XCConfigurationList;
			buildConfigurations = (
				A315ECEC3000CCF20043C20C /* Debug */,
				A315ECED3000CCF20043C20C /* Release */,
			);
			defaultConfigurationIsVisible = 0;
			defaultConfigurationName = Release;
		};
/* End XCConfigurationList section */

/* Begin XCSwiftPackageProductDependency section */
		A315ECF1300138B80043C20C /* UIFramework */ = {
			isa = XCSwiftPackageProductDependency;
			productName = UIFramework;
		};
/* End XCSwiftPackageProductDependency section */
	};
	rootObject = A315ECB23000CCEC0043C20C /* Project object */;
}
